
Microsoft Visual Studio Solution File, Format Version 12.00
# Visual Studio 15
VisualStudioVersion = 15.0.27703.2018
MinimumVisualStudioVersion = 10.0.40219.1
Project("{FAE04EC0-301F-11D3-BF4B-00C04F79EFBC}") = "01_Value_Types", "01_Value_Types\01_Value_Types.csproj", "{7C009F7F-1A15-4829-98C7-E2CE41067ECB}"
EndProject
Global
	GlobalSection(SolutionConfigurationPlatforms) = preSolution
		Debug|Any CPU = Debug|Any CPU
		Release|Any CPU = Release|Any CPU
	EndGlobalSection
	GlobalSection(ProjectConfigurationPlatforms) = postSolution
		{7C009F7F-1A15-4829-98C7-E2CE41067ECB}.Debug|Any CPU.ActiveCfg = Debug|Any CPU
		{7C009F7F-1A15-4829-98C7-E2CE41067ECB}.Debug|Any CPU.Build.0 = Debug|Any CPU
		{7C009F7F-1A15-4829-98C7-E2CE41067ECB}.Release|Any CPU.ActiveCfg = Release|Any CPU
		{7C009F7F-1A15-4829-98C7-E2CE41067ECB}.Release|Any CPU.Build.0 = Release|Any CPU
	EndGlobalSection
	GlobalSection(SolutionProperties) = preSolution
		HideSolutionNode = FALSE
	EndGlobalSection
	GlobalSection(ExtensibilityGlobals) = postSolution
		SolutionGuid = {9634689A-8BC0-4955-9918-944708F7CD46}
	EndGlobalSection
EndGlobal
